// !$*UTF8*$!
{
	archiveVersion = 1;
	classes = {
	};
	objectVersion = 46;
	objects = {

/* Begin PBXBuildFile section */
		DBEA6270194C45E500E248D1 /* AppDelegate.swift in Sources */ = {isa = PBXBuildFile; fileRef = DBEA626F194C45E500E248D1 /* AppDelegate.swift */; };
		DBEA6272194C45E500E248D1 /* ViewController.swift in Sources */ = {isa = PBXBuildFile; fileRef = DBEA6271194C45E500E248D1 /* ViewController.swift */; };
		DBEA6275194C45E500E248D1 /* Main.storyboard in Resources */ = {isa = PBXBuildFile; fileRef = DBEA6273194C45E500E248D1 /* Main.storyboard */; };
		DBEA6277194C45E500E248D1 /* Images.xcassets in Resources */ = {isa = PBXBuildFile; fileRef = DBEA6276194C45E500E248D1 /* Images.xcassets */; };
		DBEA6283194C45E500E248D1 /* SwiftyTests.swift in Sources */ = {isa = PBXBuildFile; fileRef = DBEA6282194C45E500E248D1 /* SwiftyTests.swift */; };
/* End PBXBuildFile section */

/* Begin PBXContainerItemProxy section */
		DBEA627D194C45E500E248D1 /* PBXContainerItemProxy */ = {
			isa = PBXContainerItemProxy;
			containerPortal = DBEA6262194C45E400E248D1 /* Project object */;
			proxyType = 1;
			remoteGlobalIDString = DBEA6269194C45E400E248D1;
			remoteInfo = Swifty;
		};
/* End PBXContainerItemProxy section */

/* Begin PBXFileReference section */
		DBEA626A194C45E400E248D1 /* Swifty.app */ = {isa = PBXFileReference; explicitFileType = wrapper.application; includeInIndex = 0; path = Swifty.app; sourceTree = BUILT_PRODUCTS_DIR; };
		DBEA626E194C45E500E248D1 /* Info.plist */ = {isa = PBXFileReference; lastKnownFileType = text.plist.xml; path = Info.plist; sourceTree = "<group>"; };
		DBEA626F194C45E500E248D1 /* AppDelegate.swift */ = {isa = PBXFileReference; lastKnownFileType = sourcecode.swift; path = AppDelegate.swift; sourceTree = "<group>"; };
		DBEA6271194C45E500E248D1 /* ViewController.swift */ = {isa = PBXFileReference; lastKnownFileType = sourcecode.swift; path = ViewController.swift; sourceTree = "<group>"; };
		DBEA6274194C45E500E248D1 /* Base */ = {isa = PBXFileReference; lastKnownFileType = file.storyboard; name = Base; path = Base.lproj/Main.storyboard; sourceTree = "<group>"; };
		DBEA6276194C45E500E248D1 /* Images.xcassets */ = {isa = PBXFileReference; lastKnownFileType = folder.assetcatalog; path = Images.xcassets; sourceTree = "<group>"; };
		DBEA627C194C45E500E248D1 /* SwiftyTests.xctest */ = {isa = PBXFileReference; explicitFileType = wrapper.cfbundle; includeInIndex = 0; path = SwiftyTests.xctest; sourceTree = BUILT_PRODUCTS_DIR; };
		DBEA6281194C45E500E248D1 /* Info.plist */ = {isa = PBXFileReference; lastKnownFileType = text.plist.xml; path = Info.plist; sourceTree = "<group>"; };
		DBEA6282194C45E500E248D1 /* SwiftyTests.swift */ = {isa = PBXFileReference; lastKnownFileType = sourcecode.swift; path = SwiftyTests.swift; sourceTree = "<group>"; };
/* End PBXFileReference section */

/* Begin PBXFrameworksBuildPhase section */
		DBEA6267194C45E400E248D1 /* Frameworks */ = {
			isa = PBXFrameworksBuildPhase;
			buildActionMask = 2147483647;
			files = (
			);
			runOnlyForDeploymentPostprocessing = 0;
		};
		DBEA6279194C45E500E248D1 /* Frameworks */ = {
			isa = PBXFrameworksBuildPhase;
			buildActionMask = 2147483647;
			files = (
			);
			runOnlyForDeploymentPostprocessing = 0;
		};
/* End PBXFrameworksBuildPhase section */

/* Begin PBXGroup section */
		DBEA6261194C45E400E248D1 = {
			isa = PBXGroup;
			children = (
				DBEA626C194C45E400E248D1 /* Swifty */,
				DBEA627F194C45E500E248D1 /* SwiftyTests */,
				DBEA626B194C45E400E248D1 /* Products */,
			);
			sourceTree = "<group>";
		};
		DBEA626B194C45E400E248D1 /* Products */ = {
			isa = PBXGroup;
			children = (
				DBEA626A194C45E400E248D1 /* Swifty.app */,
				DBEA627C194C45E500E248D1 /* SwiftyTests.xctest */,
			);
			name = Products;
			sourceTree = "<group>";
		};
		DBEA626C194C45E400E248D1 /* Swifty */ = {
			isa = PBXGroup;
			children = (
				DBEA626F194C45E500E248D1 /* AppDelegate.swift */,
				DBEA6271194C45E500E248D1 /* ViewController.swift */,
				DBEA6273194C45E500E248D1 /* Main.storyboard */,
				DBEA6276194C45E500E248D1 /* Images.xcassets */,
				DBEA626D194C45E400E248D1 /* Supporting Files */,
			);
			path = Swifty;
			sourceTree = "<group>";
		};
		DBEA626D194C45E400E248D1 /* Supporting Files */ = {
			isa = PBXGroup;
			children = (
				DBEA626E194C45E500E248D1 /* Info.plist */,
			);
			name = "Supporting Files";
			sourceTree = "<group>";
		};
		DBEA627F194C45E500E248D1 /* SwiftyTests */ = {
			isa = PBXGroup;
			children = (
				DBEA6282194C45E500E248D1 /* SwiftyTests.swift */,
				DBEA6280194C45E500E248D1 /* Supporting Files */,
			);
			path = SwiftyTests;
			sourceTree = "<group>";
		};
		DBEA6280194C45E500E248D1 /* Supporting Files */ = {
			isa = PBXGroup;
			children = (
				DBEA6281194C45E500E248D1 /* Info.plist */,
			);
			name = "Supporting Files";
			sourceTree = "<group>";
		};
/* End PBXGroup section */

/* Begin PBXNativeTarget section */
		DBEA6269194C45E400E248D1 /* Swifty */ = {
			isa = PBXNativeTarget;
			buildConfigurationList = DBEA6286194C45E500E248D1 /* Build configuration list for PBXNativeTarget "Swifty" */;
			buildPhases = (
				DBEA6266194C45E400E248D1 /* Sources */,
				DBEA6267194C45E400E248D1 /* Frameworks */,
				DBEA6268194C45E400E248D1 /* Resources */,
			);
			buildRules = (
			);
			dependencies = (
			);
			name = Swifty;
			productName = Swifty;
			productReference = DBEA626A194C45E400E248D1 /* Swifty.app */;
			productType = "com.apple.product-type.application";
		};
		DBEA627B194C45E500E248D1 /* SwiftyTests */ = {
			isa = PBXNativeTarget;
			buildConfigurationList = DBEA6289194C45E500E248D1 /* Build configuration list for PBXNativeTarget "SwiftyTests" */;
			buildPhases = (
				DBEA6278194C45E500E248D1 /* Sources */,
				DBEA6279194C45E500E248D1 /* Frameworks */,
				DBEA627A194C45E500E248D1 /* Resources */,
			);
			buildRules = (
			);
			dependencies = (
				DBEA627E194C45E500E248D1 /* PBXTargetDependency */,
			);
			name = SwiftyTests;
			productName = SwiftyTests;
			productReference = DBEA627C194C45E500E248D1 /* SwiftyTests.xctest */;
			productType = "com.apple.product-type.bundle.unit-test";
		};
/* End PBXNativeTarget section */

/* Begin PBXProject section */
		DBEA6262194C45E400E248D1 /* Project object */ = {
			isa = PBXProject;
			attributes = {
				LastUpgradeCheck = 0600;
				ORGANIZATIONNAME = "Florian PETIT";
				TargetAttributes = {
					DBEA6269194C45E400E248D1 = {
						CreatedOnToolsVersion = 6.0;
					};
					DBEA627B194C45E500E248D1 = {
						CreatedOnToolsVersion = 6.0;
						TestTargetID = DBEA6269194C45E400E248D1;
					};
				};
			};
			buildConfigurationList = DBEA6265194C45E400E248D1 /* Build configuration list for PBXProject "Swifty" */;
			compatibilityVersion = "Xcode 3.2";
			developmentRegion = English;
			hasScannedForEncodings = 0;
			knownRegions = (
				en,
				Base,
			);
			mainGroup = DBEA6261194C45E400E248D1;
			productRefGroup = DBEA626B194C45E400E248D1 /* Products */;
			projectDirPath = "";
			projectRoot = "";
			targets = (
				DBEA6269194C45E400E248D1 /* Swifty */,
				DBEA627B194C45E500E248D1 /* SwiftyTests */,
			);
		};
/* End PBXProject section */

/* Begin PBXResourcesBuildPhase section */
		DBEA6268194C45E400E248D1 /* Resources */ = {
			isa = PBXResourcesBuildPhase;
			buildActionMask = 2147483647;
			files = (
				DBEA6275194C45E500E248D1 /* Main.storyboard in Resources */,
				DBEA6277194C45E500E248D1 /* Images.xcassets in Resources */,
			);
			runOnlyForDeploymentPostprocessing = 0;
		};
		DBEA627A194C45E500E248D1 /* Resources */ = {
			isa = PBXResourcesBuildPhase;
			buildActionMask = 2147483647;
			files = (
			);
			runOnlyForDeploymentPostprocessing = 0;
		};
/* End PBXResourcesBuildPhase section */

/* Begin PBXSourcesBuildPhase section */
		DBEA6266194C45E400E248D1 /* Sources */ = {
			isa = PBXSourcesBuildPhase;
			buildActionMask = 2147483647;
			files = (
				DBEA6272194C45E500E248D1 /* ViewController.swift in Sources */,
				DBEA6270194C45E500E248D1 /* AppDelegate.swift in Sources */,
			);
			runOnlyForDeploymentPostprocessing = 0;
		};
		DBEA6278194C45E500E248D1 /* Sources */ = {
			isa = PBXSourcesBuildPhase;
			buildActionMask = 2147483647;
			files = (
				DBEA6283194C45E500E248D1 /* SwiftyTests.swift in Sources */,
			);
			runOnlyForDeploymentPostprocessing = 0;
		};
/* End PBXSourcesBuildPhase section */

/* Begin PBXTargetDependency section */
		DBEA627E194C45E500E248D1 /* PBXTargetDependency */ = {
			isa = PBXTargetDependency;
			target = DBEA6269194C45E400E248D1 /* Swifty */;
			targetProxy = DBEA627D194C45E500E248D1 /* PBXContainerItemProxy */;
		};
/* End PBXTargetDependency section */

/* Begin PBXVariantGroup section */
		DBEA6273194C45E500E248D1 /* Main.storyboard */ = {
			isa = PBXVariantGroup;
			children = (
				DBEA6274194C45E500E248D1 /* Base */,
			);
			name = Main.storyboard;
			sourceTree = "<group>";
		};
/* End PBXVariantGroup section */

/* Begin XCBuildConfiguration section */
		DBEA6284194C45E500E248D1 /* Debug */ = {
			isa = XCBuildConfiguration;
			buildSettings = {
				ALWAYS_SEARCH_USER_PATHS = NO;
				CLANG_CXX_LANGUAGE_STANDARD = "gnu++0x";
				CLANG_CXX_LIBRARY = "libc++";
				CLANG_ENABLE_MODULES = YES;
				CLANG_ENABLE_OBJC_ARC = YES;
				CLANG_WARN_BOOL_CONVERSION = YES;
				CLANG_WARN_CONSTANT_CONVERSION = YES;
				CLANG_WARN_DIRECT_OBJC_ISA_USAGE = YES_ERROR;
				CLANG_WARN_EMPTY_BODY = YES;
				CLANG_WARN_ENUM_CONVERSION = YES;
				CLANG_WARN_INT_CONVERSION = YES;
				CLANG_WARN_OBJC_ROOT_CLASS = YES_ERROR;
				CLANG_WARN_UNREACHABLE_CODE = YES;
				CLANG_WARN__DUPLICATE_METHOD_MATCH = YES;
				"CODE_SIGN_IDENTITY[sdk=iphoneos*]" = "iPhone Developer";
				COPY_PHASE_STRIP = NO;
				ENABLE_STRICT_OBJC_MSGSEND = YES;
				GCC_C_LANGUAGE_STANDARD = gnu99;
				GCC_DYNAMIC_NO_PIC = NO;
				GCC_OPTIMIZATION_LEVEL = 0;
				GCC_PREPROCESSOR_DEFINITIONS = (
					"DEBUG=1",
					"$(inherited)",
				);
				GCC_SYMBOLS_PRIVATE_EXTERN = NO;
				GCC_WARN_64_TO_32_BIT_CONVERSION = YES;
				GCC_WARN_ABOUT_RETURN_TYPE = YES_ERROR;
				GCC_WARN_UNDECLARED_SELECTOR = YES;
				GCC_WARN_UNINITIALIZED_AUTOS = YES_AGGRESSIVE;
				GCC_WARN_UNUSED_FUNCTION = YES;
				GCC_WARN_UNUSED_VARIABLE = YES;
				IPHONEOS_DEPLOYMENT_TARGET = 8.0;
				METAL_ENABLE_DEBUG_INFO = YES;
				ONLY_ACTIVE_ARCH = YES;
				SDKROOT = iphoneos;
				SWIFT_OPTIMIZATION_LEVEL = "-Onone";
				TARGETED_DEVICE_FAMILY = "1,2";
			};
			name = Debug;
		};
		DBEA6285194C45E500E248D1 /* Release */ = {
			isa = XCBuildConfiguration;
			buildSettings = {
				ALWAYS_SEARCH_USER_PATHS = NO;
				CLANG_CXX_LANGUAGE_STANDARD = "gnu++0x";
				CLANG_CXX_LIBRARY = "libc++";
				CLANG_ENABLE_MODULES = YES;
				CLANG_ENABLE_OBJC_ARC = YES;
				CLANG_WARN_BOOL_CONVERSION = YES;
				CLANG_WARN_CONSTANT_CONVERSION = YES;
				CLANG_WARN_DIRECT_OBJC_ISA_USAGE = YES_ERROR;
				CLANG_WARN_EMPTY_BODY = YES;
				CLANG_WARN_ENUM_CONVERSION = YES;
				CLANG_WARN_INT_CONVERSION = YES;
				CLANG_WARN_OBJC_ROOT_CLASS = YES_ERROR;
				CLANG_WARN_UNREACHABLE_CODE = YES;
				CLANG_WARN__DUPLICATE_METHOD_MATCH = YES;
				"CODE_SIGN_IDENTITY[sdk=iphoneos*]" = "iPhone Developer";
				COPY_PHASE_STRIP = YES;
				ENABLE_NS_ASSERTIONS = NO;
				ENABLE_STRICT_OBJC_MSGSEND = YES;
				GCC_C_LANGUAGE_STANDARD = gnu99;
				GCC_WARN_64_TO_32_BIT_CONVERSION = YES;
				GCC_WARN_ABOUT_RETURN_TYPE = YES_ERROR;
				GCC_WARN_UNDECLARED_SELECTOR = YES;
				GCC_WARN_UNINITIALIZED_AUTOS = YES_AGGRESSIVE;
				GCC_WARN_UNUSED_FUNCTION = YES;
				GCC_WARN_UNUSED_VARIABLE = YES;
				IPHONEOS_DEPLOYMENT_TARGET = 8.0;
				METAL_ENABLE_DEBUG_INFO = NO;
				SDKROOT = iphoneos;
				TARGETED_DEVICE_FAMILY = "1,2";
				VALIDATE_PRODUCT = YES;
			};
			name = Release;
		};
		DBEA6287194C45E500E248D1 /* Debug */ = {
			isa = XCBuildConfiguration;
			buildSettings = {
				ASSETCATALOG_COMPILER_APPICON_NAME = AppIcon;
				ASSETCATALOG_COMPILER_LAUNCHIMAGE_NAME = LaunchImage;
				INFOPLIST_FILE = Swifty/Info.plist;
				LD_RUNPATH_SEARCH_PATHS = "$(inherited) @executable_path/Frameworks";
				PRODUCT_NAME = "$(TARGET_NAME)";
			};
			name = Debug;
		};
		DBEA6288194C45E500E248D1 /* Release */ = {
			isa = XCBuildConfiguration;
			buildSettings = {
				ASSETCATALOG_COMPILER_APPICON_NAME = AppIcon;
				ASSETCATALOG_COMPILER_LAUNCHIMAGE_NAME = LaunchImage;
				INFOPLIST_FILE = Swifty/Info.plist;
				LD_RUNPATH_SEARCH_PATHS = "$(inherited) @executable_path/Frameworks";
				PRODUCT_NAME = "$(TARGET_NAME)";
			};
			name = Release;
		};
		DBEA628A194C45E500E248D1 /* Debug */ = {
			isa = XCBuildConfiguration;
			buildSettings = {
				BUNDLE_LOADER = "$(BUILT_PRODUCTS_DIR)/Swifty.app/Swifty";
				FRAMEWORK_SEARCH_PATHS = (
					"$(SDKROOT)/Developer/Library/Frameworks",
					"$(inherited)",
				);
				GCC_PREPROCESSOR_DEFINITIONS = (
					"DEBUG=1",
					"$(inherited)",
				);
				INFOPLIST_FILE = SwiftyTests/Info.plist;
				LD_RUNPATH_SEARCH_PATHS = "$(inherited) @executable_path/Frameworks @loader_path/Frameworks";
				METAL_ENABLE_DEBUG_INFO = YES;
				PRODUCT_NAME = "$(TARGET_NAME)";
				TEST_HOST = "$(BUNDLE_LOADER)";
			};
			name = Debug;
		};
		DBEA628B194C45E500E248D1 /* Release */ = {
			isa = XCBuildConfiguration;
			buildSettings = {
				BUNDLE_LOADER = "$(BUILT_PRODUCTS_DIR)/Swifty.app/Swifty";
				FRAMEWORK_SEARCH_PATHS = (
					"$(SDKROOT)/Developer/Library/Frameworks",
					"$(inherited)",
				);
				INFOPLIST_FILE = SwiftyTests/Info.plist;
				LD_RUNPATH_SEARCH_PATHS = "$(inherited) @executable_path/Frameworks @loader_path/Frameworks";
				METAL_ENABLE_DEBUG_INFO = NO;
				PRODUCT_NAME = "$(TARGET_NAME)";
				TEST_HOST = "$(BUNDLE_LOADER)";
			};
			name = Release;
		};
/* End XCBuildConfiguration section */

/* Begin XCConfigurationList section */
		DBEA6265194C45E400E248D1 /* Build configuration list for PBXProject "Swifty" */ = {
			isa = XCConfigurationList;
			buildConfigurations = (
				DBEA6284194C45E500E248D1 /* Debug */,
				DBEA6285194C45E500E248D1 /* Release */,
			);
			defaultConfigurationIsVisible = 0;
			defaultConfigurationName = Release;
		};
		DBEA6286194C45E500E248D1 /* Build configuration list for PBXNativeTarget "Swifty" */ = {
			isa = XCConfigurationList;
			buildConfigurations = (
				DBEA6287194C45E500E248D1 /* Debug */,
				DBEA6288194C45E500E248D1 /* Release */,
			);
			defaultConfigurationIsVisible = 0;
		};
		DBEA6289194C45E500E248D1 /* Build configuration list for PBXNativeTarget "SwiftyTests" */ = {
			isa = XCConfigurationList;
			buildConfigurations = (
				DBEA628A194C45E500E248D1 /* Debug */,
				DBEA628B194C45E500E248D1 /* Release */,
			);
			defaultConfigurationIsVisible = 0;
		};
/* End XCConfigurationList section */
	};
	rootObject = DBEA6262194C45E400E248D1 /* Project object */;
}
